
Microsoft Visual Studio Solution File, Format Version 12.00
# Visual Studio Version 17
VisualStudioVersion = 17.5.33516.290
MinimumVisualStudioVersion = 10.0.40219.1
Project("{FAE04EC0-301F-11D3-BF4B-00C04F79EFBC}") = "eShopSolution.WebApp", "eShopSolution.WebApp\eShopSolution.WebApp.csproj", "{4693F814-2C2F-4A59-B662-195E9AFD3A02}"
EndProject
Project("{2150E333-8FDC-42A3-9474-1A3956D46DE8}") = "Solution Items", "Solution Items", "{8BDAF2F6-B54E-49DA-8C22-C969D9F14A1C}"
	ProjectSection(SolutionItems) = preProject
		README.md = README.md
	EndProjectSection
EndProject
Global
	GlobalSection(SolutionConfigurationPlatforms) = preSolution
		Debug|Any CPU = Debug|Any CPU
		Release|Any CPU = Release|Any CPU
	EndGlobalSection
	GlobalSection(ProjectConfigurationPlatforms) = postSolution
		{4693F814-2C2F-4A59-B662-195E9AFD3A02}.Debug|Any CPU.ActiveCfg = Debug|Any CPU
		{4693F814-2C2F-4A59-B662-195E9AFD3A02}.Debug|Any CPU.Build.0 = Debug|Any CPU
		{4693F814-2C2F-4A59-B662-195E9AFD3A02}.Release|Any CPU.ActiveCfg = Release|Any CPU
		{4693F814-2C2F-4A59-B662-195E9AFD3A02}.Release|Any CPU.Build.0 = Release|Any CPU
	EndGlobalSection
	GlobalSection(SolutionProperties) = preSolution
		HideSolutionNode = FALSE
	EndGlobalSection
	GlobalSection(ExtensibilityGlobals) = postSolution
		SolutionGuid = {05F7A03C-0D10-43D6-A3FC-9122D3B6469E}
	EndGlobalSection
EndGlobal
